
Microsoft Visual Studio Solution File, Format Version 12.00
# Visual Studio Version 16
VisualStudioVersion = 16.0.29001.49
MinimumVisualStudioVersion = 10.0.40219.1
Project("{8BC9CEB8-8B4A-11D0-8D11-00A0C91BC942}") = "apr", "..\apr\apr.vcxproj", "{2430B357-35C2-420E-B08F-7CE61DF79C17}"
EndProject
Project("{8BC9CEB8-8B4A-11D0-8D11-00A0C91BC942}") = "apr_crypto_nss", "crypto\apr_crypto_nss.vcxproj", "{EE8DB158-60E9-4FF5-BDC8-1438884EC05E}"
EndProject
Project("{8BC9CEB8-8B4A-11D0-8D11-00A0C91BC942}") = "apr_crypto_openssl", "crypto\apr_crypto_openssl.vcxproj", "{F0D4F4ED-EEEE-488F-88E4-FD2E8FD59C0A}"
EndProject
Project("{8BC9CEB8-8B4A-11D0-8D11-00A0C91BC942}") = "apr_dbd_mysql", "dbd\apr_dbd_mysql.vcxproj", "{9224D3C1-9C54-434E-A60D-84A30EB01D59}"
EndProject
Project("{8BC9CEB8-8B4A-11D0-8D11-00A0C91BC942}") = "apr_dbd_odbc", "dbd\apr_dbd_odbc.vcxproj", "{3BCD509A-08BB-4C45-81AD-2B8AB92C9A1B}"
EndProject
Project("{8BC9CEB8-8B4A-11D0-8D11-00A0C91BC942}") = "apr_dbd_oracle", "dbd\apr_dbd_oracle.vcxproj", "{6099FD33-0A94-4DA5-99B7-D8D6B308D044}"
EndProject
Project("{8BC9CEB8-8B4A-11D0-8D11-00A0C91BC942}") = "apr_dbd_pgsql", "dbd\apr_dbd_pgsql.vcxproj", "{66D5CDAA-1AEC-4108-8DC5-43601B9E2329}"
EndProject
Project("{8BC9CEB8-8B4A-11D0-8D11-00A0C91BC942}") = "apr_dbd_sqlite2", "dbd\apr_dbd_sqlite2.vcxproj", "{DB0BAC03-D051-4214-8EEA-10E312DEF550}"
EndProject
Project("{8BC9CEB8-8B4A-11D0-8D11-00A0C91BC942}") = "apr_dbd_sqlite3", "dbd\apr_dbd_sqlite3.vcxproj", "{115297FF-A5A9-49F7-A004-D3E036FBB384}"
EndProject
Project("{8BC9CEB8-8B4A-11D0-8D11-00A0C91BC942}") = "apr_dbm_db", "dbm\apr_dbm_db.vcxproj", "{28BAD2B3-4FFF-4270-BC78-A7244F003F6A}"
EndProject
Project("{8BC9CEB8-8B4A-11D0-8D11-00A0C91BC942}") = "apr_dbm_gdbm", "dbm\apr_dbm_gdbm.vcxproj", "{022E634D-93F3-4763-BB3A-BF104F7B48A3}"
EndProject
Project("{8BC9CEB8-8B4A-11D0-8D11-00A0C91BC942}") = "apr_ldap", "ldap\apr_ldap.vcxproj", "{BE2A6221-9EA1-4146-91C0-DA002F169129}"
EndProject
Project("{8BC9CEB8-8B4A-11D0-8D11-00A0C91BC942}") = "aprapp", "..\apr\build\aprapp.vcxproj", "{198A6CDD-C4F6-49E3-96DF-4B26AB08A21F}"
EndProject
Project("{8BC9CEB8-8B4A-11D0-8D11-00A0C91BC942}") = "apriconv", "..\apr-iconv\apriconv.vcxproj", "{E4D296C5-F629-41AE-A72B-A26BFF90CF43}"
EndProject
Project("{8BC9CEB8-8B4A-11D0-8D11-00A0C91BC942}") = "aprutil", "aprutil.vcxproj", "{FFD08239-F4EB-4E4F-ADEA-488250425C8F}"
EndProject
Project("{8BC9CEB8-8B4A-11D0-8D11-00A0C91BC942}") = "libapr", "..\apr\libapr.vcxproj", "{BFEA5737-C00A-423A-B38C-24D599BE655A}"
EndProject
Project("{8BC9CEB8-8B4A-11D0-8D11-00A0C91BC942}") = "libaprapp", "..\apr\build\libaprapp.vcxproj", "{8C5B6AEE-A3FA-4367-95C4-0A0CFCB4DE6E}"
EndProject
Project("{8BC9CEB8-8B4A-11D0-8D11-00A0C91BC942}") = "libapriconv", "..\apr-iconv\libapriconv.vcxproj", "{1416275A-6DBC-4614-AD63-E2C9799136BA}"
EndProject
Project("{8BC9CEB8-8B4A-11D0-8D11-00A0C91BC942}") = "libapriconv_ccs_modules", "..\apr-iconv\ccs\libapriconv_ccs_modules.vcxproj", "{99B0746D-70BD-4592-95A9-7823B4373EB0}"
EndProject
Project("{8BC9CEB8-8B4A-11D0-8D11-00A0C91BC942}") = "libapriconv_ces_modules", "..\apr-iconv\ces\libapriconv_ces_modules.vcxproj", "{56D558BA-3B91-48B5-8E94-541EED64A514}"
EndProject
Project("{8BC9CEB8-8B4A-11D0-8D11-00A0C91BC942}") = "libaprutil", "libaprutil.vcxproj", "{3155B0EF-51D9-46A1-8BBF-75B435AEC99D}"
EndProject
Project("{8BC9CEB8-8B4A-11D0-8D11-00A0C91BC942}") = "preaprapp", "..\apr\build\preaprapp.vcxproj", "{C80E8364-4327-488D-BDF8-CD2EE2B10A7B}"
EndProject
Project("{8BC9CEB8-8B4A-11D0-8D11-00A0C91BC942}") = "preapriconv", "..\apr-iconv\build\preapriconv.vcxproj", "{138ACCB8-7C07-4618-A534-B117ABEDDE01}"
EndProject
Project("{8BC9CEB8-8B4A-11D0-8D11-00A0C91BC942}") = "preaprutil", "build\preaprutil.vcxproj", "{6CABD582-DB4A-4ABC-853E-A7B9312F8E01}"
EndProject
Project("{8BC9CEB8-8B4A-11D0-8D11-00A0C91BC942}") = "prelibaprapp", "..\apr\build\prelibaprapp.vcxproj", "{7E741534-B4D5-4F54-BB41-FB44FAF29CB6}"
EndProject
Global
	GlobalSection(SolutionConfigurationPlatforms) = preSolution
		Debug|x64 = Debug|x64
		Debug|x86 = Debug|x86
		Debug9x|x64 = Debug9x|x64
		Debug9x|x86 = Debug9x|x86
		DebugNT|x64 = DebugNT|x64
		DebugNT|x86 = DebugNT|x86
		Release|x64 = Release|x64
		Release|x86 = Release|x86
		Release9x|x64 = Release9x|x64
		Release9x|x86 = Release9x|x86
		ReleaseNT|x64 = ReleaseNT|x64
		ReleaseNT|x86 = ReleaseNT|x86
		Template|x64 = Template|x64
		Template|x86 = Template|x86
	EndGlobalSection
	GlobalSection(ProjectConfigurationPlatforms) = postSolution
		{2430B357-35C2-420E-B08F-7CE61DF79C17}.Debug|x64.ActiveCfg = Debug|x64
		{2430B357-35C2-420E-B08F-7CE61DF79C17}.Debug|x64.Build.0 = Debug|x64
		{2430B357-35C2-420E-B08F-7CE61DF79C17}.Debug|x86.ActiveCfg = Debug|Win32
		{2430B357-35C2-420E-B08F-7CE61DF79C17}.Debug|x86.Build.0 = Debug|Win32
		{2430B357-35C2-420E-B08F-7CE61DF79C17}.Debug9x|x64.ActiveCfg = Debug|x64
		{2430B357-35C2-420E-B08F-7CE61DF79C17}.Debug9x|x64.Build.0 = Debug|x64
		{2430B357-35C2-420E-B08F-7CE61DF79C17}.Debug9x|x86.ActiveCfg = Debug|Win32
		{2430B357-35C2-420E-B08F-7CE61DF79C17}.Debug9x|x86.Build.0 = Debug|Win32
		{2430B357-35C2-420E-B08F-7CE61DF79C17}.DebugNT|x64.ActiveCfg = Debug|x64
		{2430B357-35C2-420E-B08F-7CE61DF79C17}.DebugNT|x64.Build.0 = Debug|x64
		{2430B357-35C2-420E-B08F-7CE61DF79C17}.DebugNT|x86.ActiveCfg = Debug|Win32
		{2430B357-35C2-420E-B08F-7CE61DF79C17}.DebugNT|x86.Build.0 = Debug|Win32
		{2430B357-35C2-420E-B08F-7CE61DF79C17}.Release|x64.ActiveCfg = Release|x64
		{2430B357-35C2-420E-B08F-7CE61DF79C17}.Release|x64.Build.0 = Release|x64
		{2430B357-35C2-420E-B08F-7CE61DF79C17}.Release|x86.ActiveCfg = Release|Win32
		{2430B357-35C2-420E-B08F-7CE61DF79C17}.Release|x86.Build.0 = Release|Win32
		{2430B357-35C2-420E-B08F-7CE61DF79C17}.Release9x|x64.ActiveCfg = Release|x64
		{2430B357-35C2-420E-B08F-7CE61DF79C17}.Release9x|x64.Build.0 = Release|x64
		{2430B357-35C2-420E-B08F-7CE61DF79C17}.Release9x|x86.ActiveCfg = Release|Win32
		{2430B357-35C2-420E-B08F-7CE61DF79C17}.Release9x|x86.Build.0 = Release|Win32
		{2430B357-35C2-420E-B08F-7CE61DF79C17}.ReleaseNT|x64.ActiveCfg = Release|x64
		{2430B357-35C2-420E-B08F-7CE61DF79C17}.ReleaseNT|x64.Build.0 = Release|x64
		{2430B357-35C2-420E-B08F-7CE61DF79C17}.ReleaseNT|x86.ActiveCfg = Release|Win32
		{2430B357-35C2-420E-B08F-7CE61DF79C17}.ReleaseNT|x86.Build.0 = Release|Win32
		{2430B357-35C2-420E-B08F-7CE61DF79C17}.Template|x64.ActiveCfg = Release|x64
		{2430B357-35C2-420E-B08F-7CE61DF79C17}.Template|x64.Build.0 = Release|x64
		{2430B357-35C2-420E-B08F-7CE61DF79C17}.Template|x86.ActiveCfg = Release|Win32
		{2430B357-35C2-420E-B08F-7CE61DF79C17}.Template|x86.Build.0 = Release|Win32
		{EE8DB158-60E9-4FF5-BDC8-1438884EC05E}.Debug|x64.ActiveCfg = Debug|x64
		{EE8DB158-60E9-4FF5-BDC8-1438884EC05E}.Debug|x64.Build.0 = Debug|x64
		{EE8DB158-60E9-4FF5-BDC8-1438884EC05E}.Debug|x86.ActiveCfg = Debug|Win32
		{EE8DB158-60E9-4FF5-BDC8-1438884EC05E}.Debug|x86.Build.0 = Debug|Win32
		{EE8DB158-60E9-4FF5-BDC8-1438884EC05E}.Debug9x|x64.ActiveCfg = Debug|x64
		{EE8DB158-60E9-4FF5-BDC8-1438884EC05E}.Debug9x|x64.Build.0 = Debug|x64
		{EE8DB158-60E9-4FF5-BDC8-1438884EC05E}.Debug9x|x86.ActiveCfg = Debug|Win32
		{EE8DB158-60E9-4FF5-BDC8-1438884EC05E}.Debug9x|x86.Build.0 = Debug|Win32
		{EE8DB158-60E9-4FF5-BDC8-1438884EC05E}.DebugNT|x64.ActiveCfg = Debug|x64
		{EE8DB158-60E9-4FF5-BDC8-1438884EC05E}.DebugNT|x64.Build.0 = Debug|x64
		{EE8DB158-60E9-4FF5-BDC8-1438884EC05E}.DebugNT|x86.ActiveCfg = Debug|Win32
		{EE8DB158-60E9-4FF5-BDC8-1438884EC05E}.DebugNT|x86.Build.0 = Debug|Win32
		{EE8DB158-60E9-4FF5-BDC8-1438884EC05E}.Release|x64.ActiveCfg = Release|x64
		{EE8DB158-60E9-4FF5-BDC8-1438884EC05E}.Release|x64.Build.0 = Release|x64
		{EE8DB158-60E9-4FF5-BDC8-1438884EC05E}.Release|x86.ActiveCfg = Release|Win32
		{EE8DB158-60E9-4FF5-BDC8-1438884EC05E}.Release|x86.Build.0 = Release|Win32
		{EE8DB158-60E9-4FF5-BDC8-1438884EC05E}.Release9x|x64.ActiveCfg = Release|x64
		{EE8DB158-60E9-4FF5-BDC8-1438884EC05E}.Release9x|x64.Build.0 = Release|x64
		{EE8DB158-60E9-4FF5-BDC8-1438884EC05E}.Release9x|x86.ActiveCfg = Release|Win32
		{EE8DB158-60E9-4FF5-BDC8-1438884EC05E}.Release9x|x86.Build.0 = Release|Win32
		{EE8DB158-60E9-4FF5-BDC8-1438884EC05E}.ReleaseNT|x64.ActiveCfg = Release|x64
		{EE8DB158-60E9-4FF5-BDC8-1438884EC05E}.ReleaseNT|x64.Build.0 = Release|x64
		{EE8DB158-60E9-4FF5-BDC8-1438884EC05E}.ReleaseNT|x86.ActiveCfg = Release|Win32
		{EE8DB158-60E9-4FF5-BDC8-1438884EC05E}.ReleaseNT|x86.Build.0 = Release|Win32
		{EE8DB158-60E9-4FF5-BDC8-1438884EC05E}.Template|x64.ActiveCfg = Template|x64
		{EE8DB158-60E9-4FF5-BDC8-1438884EC05E}.Template|x64.Build.0 = Template|x64
		{EE8DB158-60E9-4FF5-BDC8-1438884EC05E}.Template|x86.ActiveCfg = Template|Win32
		{EE8DB158-60E9-4FF5-BDC8-1438884EC05E}.Template|x86.Build.0 = Template|Win32
		{F0D4F4ED-EEEE-488F-88E4-FD2E8FD59C0A}.Debug|x64.ActiveCfg = Debug|x64
		{F0D4F4ED-EEEE-488F-88E4-FD2E8FD59C0A}.Debug|x64.Build.0 = Debug|x64
		{F0D4F4ED-EEEE-488F-88E4-FD2E8FD59C0A}.Debug|x86.ActiveCfg = Debug|Win32
		{F0D4F4ED-EEEE-488F-88E4-FD2E8FD59C0A}.Debug|x86.Build.0 = Debug|Win32
		{F0D4F4ED-EEEE-488F-88E4-FD2E8FD59C0A}.Debug9x|x64.ActiveCfg = Debug|x64
		{F0D4F4ED-EEEE-488F-88E4-FD2E8FD59C0A}.Debug9x|x64.Build.0 = Debug|x64
		{F0D4F4ED-EEEE-488F-88E4-FD2E8FD59C0A}.Debug9x|x86.ActiveCfg = Debug|Win32
		{F0D4F4ED-EEEE-488F-88E4-FD2E8FD59C0A}.Debug9x|x86.Build.0 = Debug|Win32
		{F0D4F4ED-EEEE-488F-88E4-FD2E8FD59C0A}.DebugNT|x64.ActiveCfg = Debug|x64
		{F0D4F4ED-EEEE-488F-88E4-FD2E8FD59C0A}.DebugNT|x64.Build.0 = Debug|x64
		{F0D4F4ED-EEEE-488F-88E4-FD2E8FD59C0A}.DebugNT|x86.ActiveCfg = Debug|Win32
		{F0D4F4ED-EEEE-488F-88E4-FD2E8FD59C0A}.DebugNT|x86.Build.0 = Debug|Win32
		{F0D4F4ED-EEEE-488F-88E4-FD2E8FD59C0A}.Release|x64.ActiveCfg = Release|x64
		{F0D4F4ED-EEEE-488F-88E4-FD2E8FD59C0A}.Release|x64.Build.0 = Release|x64
		{F0D4F4ED-EEEE-488F-88E4-FD2E8FD59C0A}.Release|x86.ActiveCfg = Release|Win32
		{F0D4F4ED-EEEE-488F-88E4-FD2E8FD59C0A}.Release|x86.Build.0 = Release|Win32
		{F0D4F4ED-EEEE-488F-88E4-FD2E8FD59C0A}.Release9x|x64.ActiveCfg = Release|x64
		{F0D4F4ED-EEEE-488F-88E4-FD2E8FD59C0A}.Release9x|x64.Build.0 = Release|x64
		{F0D4F4ED-EEEE-488F-88E4-FD2E8FD59C0A}.Release9x|x86.ActiveCfg = Release|Win32
		{F0D4F4ED-EEEE-488F-88E4-FD2E8FD59C0A}.Release9x|x86.Build.0 = Release|Win32
		{F0D4F4ED-EEEE-488F-88E4-FD2E8FD59C0A}.ReleaseNT|x64.ActiveCfg = Release|x64
		{F0D4F4ED-EEEE-488F-88E4-FD2E8FD59C0A}.ReleaseNT|x64.Build.0 = Release|x64
		{F0D4F4ED-EEEE-488F-88E4-FD2E8FD59C0A}.ReleaseNT|x86.ActiveCfg = Release|Win32
		{F0D4F4ED-EEEE-488F-88E4-FD2E8FD59C0A}.ReleaseNT|x86.Build.0 = Release|Win32
		{F0D4F4ED-EEEE-488F-88E4-FD2E8FD59C0A}.Template|x64.ActiveCfg = Template|x64
		{F0D4F4ED-EEEE-488F-88E4-FD2E8FD59C0A}.Template|x64.Build.0 = Template|x64
		{F0D4F4ED-EEEE-488F-88E4-FD2E8FD59C0A}.Template|x86.ActiveCfg = Template|Win32
		{F0D4F4ED-EEEE-488F-88E4-FD2E8FD59C0A}.Template|x86.Build.0 = Template|Win32
		{9224D3C1-9C54-434E-A60D-84A30EB01D59}.Debug|x64.ActiveCfg = Debug|x64
		{9224D3C1-9C54-434E-A60D-84A30EB01D59}.Debug|x64.Build.0 = Debug|x64
		{9224D3C1-9C54-434E-A60D-84A30EB01D59}.Debug|x86.ActiveCfg = Debug|Win32
		{9224D3C1-9C54-434E-A60D-84A30EB01D59}.Debug|x86.Build.0 = Debug|Win32
		{9224D3C1-9C54-434E-A60D-84A30EB01D59}.Debug9x|x64.ActiveCfg = Debug|x64
		{9224D3C1-9C54-434E-A60D-84A30EB01D59}.Debug9x|x64.Build.0 = Debug|x64
		{9224D3C1-9C54-434E-A60D-84A30EB01D59}.Debug9x|x86.ActiveCfg = Debug|Win32
		{9224D3C1-9C54-434E-A60D-84A30EB01D59}.Debug9x|x86.Build.0 = Debug|Win32
		{9224D3C1-9C54-434E-A60D-84A30EB01D59}.DebugNT|x64.ActiveCfg = Debug|x64
		{9224D3C1-9C54-434E-A60D-84A30EB01D59}.DebugNT|x64.Build.0 = Debug|x64
		{9224D3C1-9C54-434E-A60D-84A30EB01D59}.DebugNT|x86.ActiveCfg = Debug|Win32
		{9224D3C1-9C54-434E-A60D-84A30EB01D59}.DebugNT|x86.Build.0 = Debug|Win32
		{9224D3C1-9C54-434E-A60D-84A30EB01D59}.Release|x64.ActiveCfg = Release|x64
		{9224D3C1-9C54-434E-A60D-84A30EB01D59}.Release|x64.Build.0 = Release|x64
		{9224D3C1-9C54-434E-A60D-84A30EB01D59}.Release|x86.ActiveCfg = Release|Win32
		{9224D3C1-9C54-434E-A60D-84A30EB01D59}.Release|x86.Build.0 = Release|Win32
		{9224D3C1-9C54-434E-A60D-84A30EB01D59}.Release9x|x64.ActiveCfg = Release|x64
		{9224D3C1-9C54-434E-A60D-84A30EB01D59}.Release9x|x64.Build.0 = Release|x64
		{9224D3C1-9C54-434E-A60D-84A30EB01D59}.Release9x|x86.ActiveCfg = Release|Win32
		{9224D3C1-9C54-434E-A60D-84A30EB01D59}.Release9x|x86.Build.0 = Release|Win32
		{9224D3C1-9C54-434E-A60D-84A30EB01D59}.ReleaseNT|x64.ActiveCfg = Release|x64
		{9224D3C1-9C54-434E-A60D-84A30EB01D59}.ReleaseNT|x64.Build.0 = Release|x64
		{9224D3C1-9C54-434E-A60D-84A30EB01D59}.ReleaseNT|x86.ActiveCfg = Release|Win32
		{9224D3C1-9C54-434E-A60D-84A30EB01D59}.ReleaseNT|x86.Build.0 = Release|Win32
		{9224D3C1-9C54-434E-A60D-84A30EB01D59}.Template|x64.ActiveCfg = Template|x64
		{9224D3C1-9C54-434E-A60D-84A30EB01D59}.Template|x64.Build.0 = Template|x64
		{9224D3C1-9C54-434E-A60D-84A30EB01D59}.Template|x86.ActiveCfg = Template|Win32
		{9224D3C1-9C54-434E-A60D-84A30EB01D59}.Template|x86.Build.0 = Template|Win32
		{3BCD509A-08BB-4C45-81AD-2B8AB92C9A1B}.Debug|x64.ActiveCfg = Debug|x64
		{3BCD509A-08BB-4C45-81AD-2B8AB92C9A1B}.Debug|x64.Build.0 = Debug|x64
		{3BCD509A-08BB-4C45-81AD-2B8AB92C9A1B}.Debug|x86.ActiveCfg = Debug|Win32
		{3BCD509A-08BB-4C45-81AD-2B8AB92C9A1B}.Debug|x86.Build.0 = Debug|Win32
		{3BCD509A-08BB-4C45-81AD-2B8AB92C9A1B}.Debug9x|x64.ActiveCfg = Debug|x64
		{3BCD509A-08BB-4C45-81AD-2B8AB92C9A1B}.Debug9x|x64.Build.0 = Debug|x64
		{3BCD509A-08BB-4C45-81AD-2B8AB92C9A1B}.Debug9x|x86.ActiveCfg = Debug|Win32
		{3BCD509A-08BB-4C45-81AD-2B8AB92C9A1B}.Debug9x|x86.Build.0 = Debug|Win32
		{3BCD509A-08BB-4C45-81AD-2B8AB92C9A1B}.DebugNT|x64.ActiveCfg = Debug|x64
		{3BCD509A-08BB-4C45-81AD-2B8AB92C9A1B}.DebugNT|x64.Build.0 = Debug|x64
		{3BCD509A-08BB-4C45-81AD-2B8AB92C9A1B}.DebugNT|x86.ActiveCfg = Debug|Win32
		{3BCD509A-08BB-4C45-81AD-2B8AB92C9A1B}.DebugNT|x86.Build.0 = Debug|Win32
		{3BCD509A-08BB-4C45-81AD-2B8AB92C9A1B}.Release|x64.ActiveCfg = Release|x64
		{3BCD509A-08BB-4C45-81AD-2B8AB92C9A1B}.Release|x64.Build.0 = Release|x64
		{3BCD509A-08BB-4C45-81AD-2B8AB92C9A1B}.Release|x86.ActiveCfg = Release|Win32
		{3BCD509A-08BB-4C45-81AD-2B8AB92C9A1B}.Release|x86.Build.0 = Release|Win32
		{3BCD509A-08BB-4C45-81AD-2B8AB92C9A1B}.Release9x|x64.ActiveCfg = Release|x64
		{3BCD509A-08BB-4C45-81AD-2B8AB92C9A1B}.Release9x|x64.Build.0 = Release|x64
		{3BCD509A-08BB-4C45-81AD-2B8AB92C9A1B}.Release9x|x86.ActiveCfg = Release|Win32
		{3BCD509A-08BB-4C45-81AD-2B8AB92C9A1B}.Release9x|x86.Build.0 = Release|Win32
		{3BCD509A-08BB-4C45-81AD-2B8AB92C9A1B}.ReleaseNT|x64.ActiveCfg = Release|x64
		{3BCD509A-08BB-4C45-81AD-2B8AB92C9A1B}.ReleaseNT|x64.Build.0 = Release|x64
		{3BCD509A-08BB-4C45-81AD-2B8AB92C9A1B}.ReleaseNT|x86.ActiveCfg = Release|Win32
		{3BCD509A-08BB-4C45-81AD-2B8AB92C9A1B}.ReleaseNT|x86.Build.0 = Release|Win32
		{3BCD509A-08BB-4C45-81AD-2B8AB92C9A1B}.Template|x64.ActiveCfg = Template|x64
		{3BCD509A-08BB-4C45-81AD-2B8AB92C9A1B}.Template|x64.Build.0 = Template|x64
		{3BCD509A-08BB-4C45-81AD-2B8AB92C9A1B}.Template|x86.ActiveCfg = Template|Win32
		{3BCD509A-08BB-4C45-81AD-2B8AB92C9A1B}.Template|x86.Build.0 = Template|Win32
		{6099FD33-0A94-4DA5-99B7-D8D6B308D044}.Debug|x64.ActiveCfg = Debug|x64
		{6099FD33-0A94-4DA5-99B7-D8D6B308D044}.Debug|x64.Build.0 = Debug|x64
		{6099FD33-0A94-4DA5-99B7-D8D6B308D044}.Debug|x86.ActiveCfg = Debug|Win32
		{6099FD33-0A94-4DA5-99B7-D8D6B308D044}.Debug|x86.Build.0 = Debug|Win32
		{6099FD33-0A94-4DA5-99B7-D8D6B308D044}.Debug9x|x64.ActiveCfg = Debug|x64
		{6099FD33-0A94-4DA5-99B7-D8D6B308D044}.Debug9x|x64.Build.0 = Debug|x64
		{6099FD33-0A94-4DA5-99B7-D8D6B308D044}.Debug9x|x86.ActiveCfg = Debug|Win32
		{6099FD33-0A94-4DA5-99B7-D8D6B308D044}.Debug9x|x86.Build.0 = Debug|Win32
		{6099FD33-0A94-4DA5-99B7-D8D6B308D044}.DebugNT|x64.ActiveCfg = Debug|x64
		{6099FD33-0A94-4DA5-99B7-D8D6B308D044}.DebugNT|x64.Build.0 = Debug|x64
		{6099FD33-0A94-4DA5-99B7-D8D6B308D044}.DebugNT|x86.ActiveCfg = Debug|Win32
		{6099FD33-0A94-4DA5-99B7-D8D6B308D044}.DebugNT|x86.Build.0 = Debug|Win32
		{6099FD33-0A94-4DA5-99B7-D8D6B308D044}.Release|x64.ActiveCfg = Release|x64
		{6099FD33-0A94-4DA5-99B7-D8D6B308D044}.Release|x64.Build.0 = Release|x64
		{6099FD33-0A94-4DA5-99B7-D8D6B308D044}.Release|x86.ActiveCfg = Release|Win32
		{6099FD33-0A94-4DA5-99B7-D8D6B308D044}.Release|x86.Build.0 = Release|Win32
		{6099FD33-0A94-4DA5-99B7-D8D6B308D044}.Release9x|x64.ActiveCfg = Release|x64
		{6099FD33-0A94-4DA5-99B7-D8D6B308D044}.Release9x|x64.Build.0 = Release|x64
		{6099FD33-0A94-4DA5-99B7-D8D6B308D044}.Release9x|x86.ActiveCfg = Release|Win32
		{6099FD33-0A94-4DA5-99B7-D8D6B308D044}.Release9x|x86.Build.0 = Release|Win32
		{6099FD33-0A94-4DA5-99B7-D8D6B308D044}.ReleaseNT|x64.ActiveCfg = Release|x64
		{6099FD33-0A94-4DA5-99B7-D8D6B308D044}.ReleaseNT|x64.Build.0 = Release|x64
		{6099FD33-0A94-4DA5-99B7-D8D6B308D044}.ReleaseNT|x86.ActiveCfg = Release|Win32
		{6099FD33-0A94-4DA5-99B7-D8D6B308D044}.ReleaseNT|x86.Build.0 = Release|Win32
		{6099FD33-0A94-4DA5-99B7-D8D6B308D044}.Template|x64.ActiveCfg = Template|x64
		{6099FD33-0A94-4DA5-99B7-D8D6B308D044}.Template|x64.Build.0 = Template|x64
		{6099FD33-0A94-4DA5-99B7-D8D6B308D044}.Template|x86.ActiveCfg = Template|Win32
		{6099FD33-0A94-4DA5-99B7-D8D6B308D044}.Template|x86.Build.0 = Template|Win32
		{66D5CDAA-1AEC-4108-8DC5-43601B9E2329}.Debug|x64.ActiveCfg = Debug|x64
		{66D5CDAA-1AEC-4108-8DC5-43601B9E2329}.Debug|x64.Build.0 = Debug|x64
		{66D5CDAA-1AEC-4108-8DC5-43601B9E2329}.Debug|x86.ActiveCfg = Debug|Win32
		{66D5CDAA-1AEC-4108-8DC5-43601B9E2329}.Debug|x86.Build.0 = Debug|Win32
		{66D5CDAA-1AEC-4108-8DC5-43601B9E2329}.Debug9x|x64.ActiveCfg = Debug|x64
		{66D5CDAA-1AEC-4108-8DC5-43601B9E2329}.Debug9x|x64.Build.0 = Debug|x64
		{66D5CDAA-1AEC-4108-8DC5-43601B9E2329}.Debug9x|x86.ActiveCfg = Debug|Win32
		{66D5CDAA-1AEC-4108-8DC5-43601B9E2329}.Debug9x|x86.Build.0 = Debug|Win32
		{66D5CDAA-1AEC-4108-8DC5-43601B9E2329}.DebugNT|x64.ActiveCfg = Debug|x64
		{66D5CDAA-1AEC-4108-8DC5-43601B9E2329}.DebugNT|x64.Build.0 = Debug|x64
		{66D5CDAA-1AEC-4108-8DC5-43601B9E2329}.DebugNT|x86.ActiveCfg = Debug|Win32
		{66D5CDAA-1AEC-4108-8DC5-43601B9E2329}.DebugNT|x86.Build.0 = Debug|Win32
		{66D5CDAA-1AEC-4108-8DC5-43601B9E2329}.Release|x64.ActiveCfg = Release|x64
		{66D5CDAA-1AEC-4108-8DC5-43601B9E2329}.Release|x64.Build.0 = Release|x64
		{66D5CDAA-1AEC-4108-8DC5-43601B9E2329}.Release|x86.ActiveCfg = Release|Win32
		{66D5CDAA-1AEC-4108-8DC5-43601B9E2329}.Release|x86.Build.0 = Release|Win32
		{66D5CDAA-1AEC-4108-8DC5-43601B9E2329}.Release9x|x64.ActiveCfg = Release|x64
		{66D5CDAA-1AEC-4108-8DC5-43601B9E2329}.Release9x|x64.Build.0 = Release|x64
		{66D5CDAA-1AEC-4108-8DC5-43601B9E2329}.Release9x|x86.ActiveCfg = Release|Win32
		{66D5CDAA-1AEC-4108-8DC5-43601B9E2329}.Release9x|x86.Build.0 = Release|Win32
		{66D5CDAA-1AEC-4108-8DC5-43601B9E2329}.ReleaseNT|x64.ActiveCfg = Release|x64
		{66D5CDAA-1AEC-4108-8DC5-43601B9E2329}.ReleaseNT|x64.Build.0 = Release|x64
		{66D5CDAA-1AEC-4108-8DC5-43601B9E2329}.ReleaseNT|x86.ActiveCfg = Release|Win32
		{66D5CDAA-1AEC-4108-8DC5-43601B9E2329}.ReleaseNT|x86.Build.0 = Release|Win32
		{66D5CDAA-1AEC-4108-8DC5-43601B9E2329}.Template|x64.ActiveCfg = Template|x64
		{66D5CDAA-1AEC-4108-8DC5-43601B9E2329}.Template|x64.Build.0 = Template|x64
		{66D5CDAA-1AEC-4108-8DC5-43601B9E2329}.Template|x86.ActiveCfg = Template|Win32
		{66D5CDAA-1AEC-4108-8DC5-43601B9E2329}.Template|x86.Build.0 = Template|Win32
		{DB0BAC03-D051-4214-8EEA-10E312DEF550}.Debug|x64.ActiveCfg = Debug|x64
		{DB0BAC03-D051-4214-8EEA-10E312DEF550}.Debug|x64.Build.0 = Debug|x64
		{DB0BAC03-D051-4214-8EEA-10E312DEF550}.Debug|x86.ActiveCfg = Debug|Win32
		{DB0BAC03-D051-4214-8EEA-10E312DEF550}.Debug|x86.Build.0 = Debug|Win32
		{DB0BAC03-D051-4214-8EEA-10E312DEF550}.Debug9x|x64.ActiveCfg = Debug|x64
		{DB0BAC03-D051-4214-8EEA-10E312DEF550}.Debug9x|x64.Build.0 = Debug|x64
		{DB0BAC03-D051-4214-8EEA-10E312DEF550}.Debug9x|x86.ActiveCfg = Debug|Win32
		{DB0BAC03-D051-4214-8EEA-10E312DEF550}.Debug9x|x86.Build.0 = Debug|Win32
		{DB0BAC03-D051-4214-8EEA-10E312DEF550}.DebugNT|x64.ActiveCfg = Debug|x64
		{DB0BAC03-D051-4214-8EEA-10E312DEF550}.DebugNT|x64.Build.0 = Debug|x64
		{DB0BAC03-D051-4214-8EEA-10E312DEF550}.DebugNT|x86.ActiveCfg = Debug|Win32
		{DB0BAC03-D051-4214-8EEA-10E312DEF550}.DebugNT|x86.Build.0 = Debug|Win32
		{DB0BAC03-D051-4214-8EEA-10E312DEF550}.Release|x64.ActiveCfg = Release|x64
		{DB0BAC03-D051-4214-8EEA-10E312DEF550}.Release|x64.Build.0 = Release|x64
		{DB0BAC03-D051-4214-8EEA-10E312DEF550}.Release|x86.ActiveCfg = Release|Win32
		{DB0BAC03-D051-4214-8EEA-10E312DEF550}.Release|x86.Build.0 = Release|Win32
		{DB0BAC03-D051-4214-8EEA-10E312DEF550}.Release9x|x64.ActiveCfg = Release|x64
		{DB0BAC03-D051-4214-8EEA-10E312DEF550}.Release9x|x64.Build.0 = Release|x64
		{DB0BAC03-D051-4214-8EEA-10E312DEF550}.Release9x|x86.ActiveCfg = Release|Win32
		{DB0BAC03-D051-4214-8EEA-10E312DEF550}.Release9x|x86.Build.0 = Release|Win32
		{DB0BAC03-D051-4214-8EEA-10E312DEF550}.ReleaseNT|x64.ActiveCfg = Release|x64
		{DB0BAC03-D051-4214-8EEA-10E312DEF550}.ReleaseNT|x64.Build.0 = Release|x64
		{DB0BAC03-D051-4214-8EEA-10E312DEF550}.ReleaseNT|x86.ActiveCfg = Release|Win32
		{DB0BAC03-D051-4214-8EEA-10E312DEF550}.ReleaseNT|x86.Build.0 = Release|Win32
		{DB0BAC03-D051-4214-8EEA-10E312DEF550}.Template|x64.ActiveCfg = Template|x64
		{DB0BAC03-D051-4214-8EEA-10E312DEF550}.Template|x64.Build.0 = Template|x64
		{DB0BAC03-D051-4214-8EEA-10E312DEF550}.Template|x86.ActiveCfg = Template|Win32
		{DB0BAC03-D051-4214-8EEA-10E312DEF550}.Template|x86.Build.0 = Template|Win32
		{115297FF-A5A9-49F7-A004-D3E036FBB384}.Debug|x64.ActiveCfg = Debug|x64
		{115297FF-A5A9-49F7-A004-D3E036FBB384}.Debug|x64.Build.0 = Debug|x64
		{115297FF-A5A9-49F7-A004-D3E036FBB384}.Debug|x86.ActiveCfg = Debug|Win32
		{115297FF-A5A9-49F7-A004-D3E036FBB384}.Debug|x86.Build.0 = Debug|Win32
		{115297FF-A5A9-49F7-A004-D3E036FBB384}.Debug9x|x64.ActiveCfg = Debug|x64
		{115297FF-A5A9-49F7-A004-D3E036FBB384}.Debug9x|x64.Build.0 = Debug|x64
		{115297FF-A5A9-49F7-A004-D3E036FBB384}.Debug9x|x86.ActiveCfg = Debug|Win32
		{115297FF-A5A9-49F7-A004-D3E036FBB384}.Debug9x|x86.Build.0 = Debug|Win32
		{115297FF-A5A9-49F7-A004-D3E036FBB384}.DebugNT|x64.ActiveCfg = Debug|x64
		{115297FF-A5A9-49F7-A004-D3E036FBB384}.DebugNT|x64.Build.0 = Debug|x64
		{115297FF-A5A9-49F7-A004-D3E036FBB384}.DebugNT|x86.ActiveCfg = Debug|Win32
		{115297FF-A5A9-49F7-A004-D3E036FBB384}.DebugNT|x86.Build.0 = Debug|Win32
		{115297FF-A5A9-49F7-A004-D3E036FBB384}.Release|x64.ActiveCfg = Release|x64
		{115297FF-A5A9-49F7-A004-D3E036FBB384}.Release|x64.Build.0 = Release|x64
		{115297FF-A5A9-49F7-A004-D3E036FBB384}.Release|x86.ActiveCfg = Release|Win32
		{115297FF-A5A9-49F7-A004-D3E036FBB384}.Release|x86.Build.0 = Release|Win32
		{115297FF-A5A9-49F7-A004-D3E036FBB384}.Release9x|x64.ActiveCfg = Release|x64
		{115297FF-A5A9-49F7-A004-D3E036FBB384}.Release9x|x64.Build.0 = Release|x64
		{115297FF-A5A9-49F7-A004-D3E036FBB384}.Release9x|x86.ActiveCfg = Release|Win32
		{115297FF-A5A9-49F7-A004-D3E036FBB384}.Release9x|x86.Build.0 = Release|Win32
		{115297FF-A5A9-49F7-A004-D3E036FBB384}.ReleaseNT|x64.ActiveCfg = Release|x64
		{115297FF-A5A9-49F7-A004-D3E036FBB384}.ReleaseNT|x64.Build.0 = Release|x64
		{115297FF-A5A9-49F7-A004-D3E036FBB384}.ReleaseNT|x86.ActiveCfg = Release|Win32
		{115297FF-A5A9-49F7-A004-D3E036FBB384}.ReleaseNT|x86.Build.0 = Release|Win32
		{115297FF-A5A9-49F7-A004-D3E036FBB384}.Template|x64.ActiveCfg = Template|x64
		{115297FF-A5A9-49F7-A004-D3E036FBB384}.Template|x64.Build.0 = Template|x64
		{115297FF-A5A9-49F7-A004-D3E036FBB384}.Template|x86.ActiveCfg = Template|Win32
		{115297FF-A5A9-49F7-A004-D3E036FBB384}.Template|x86.Build.0 = Template|Win32
		{28BAD2B3-4FFF-4270-BC78-A7244F003F6A}.Debug|x64.ActiveCfg = Debug|x64
		{28BAD2B3-4FFF-4270-BC78-A7244F003F6A}.Debug|x64.Build.0 = Debug|x64
		{28BAD2B3-4FFF-4270-BC78-A7244F003F6A}.Debug|x86.ActiveCfg = Debug|Win32
		{28BAD2B3-4FFF-4270-BC78-A7244F003F6A}.Debug|x86.Build.0 = Debug|Win32
		{28BAD2B3-4FFF-4270-BC78-A7244F003F6A}.Debug9x|x64.ActiveCfg = Debug|x64
		{28BAD2B3-4FFF-4270-BC78-A7244F003F6A}.Debug9x|x64.Build.0 = Debug|x64
		{28BAD2B3-4FFF-4270-BC78-A7244F003F6A}.Debug9x|x86.ActiveCfg = Debug|Win32
		{28BAD2B3-4FFF-4270-BC78-A7244F003F6A}.Debug9x|x86.Build.0 = Debug|Win32
		{28BAD2B3-4FFF-4270-BC78-A7244F003F6A}.DebugNT|x64.ActiveCfg = Debug|x64
		{28BAD2B3-4FFF-4270-BC78-A7244F003F6A}.DebugNT|x64.Build.0 = Debug|x64
		{28BAD2B3-4FFF-4270-BC78-A7244F003F6A}.DebugNT|x86.ActiveCfg = Debug|Win32
		{28BAD2B3-4FFF-4270-BC78-A7244F003F6A}.DebugNT|x86.Build.0 = Debug|Win32
		{28BAD2B3-4FFF-4270-BC78-A7244F003F6A}.Release|x64.ActiveCfg = Release|x64
		{28BAD2B3-4FFF-4270-BC78-A7244F003F6A}.Release|x64.Build.0 = Release|x64
		{28BAD2B3-4FFF-4270-BC78-A7244F003F6A}.Release|x86.ActiveCfg = Release|Win32
		{28BAD2B3-4FFF-4270-BC78-A7244F003F6A}.Release|x86.Build.0 = Release|Win32
		{28BAD2B3-4FFF-4270-BC78-A7244F003F6A}.Release9x|x64.ActiveCfg = Release|x64
		{28BAD2B3-4FFF-4270-BC78-A7244F003F6A}.Release9x|x64.Build.0 = Release|x64
		{28BAD2B3-4FFF-4270-BC78-A7244F003F6A}.Release9x|x86.ActiveCfg = Release|Win32
		{28BAD2B3-4FFF-4270-BC78-A7244F003F6A}.Release9x|x86.Build.0 = Release|Win32
		{28BAD2B3-4FFF-4270-BC78-A7244F003F6A}.ReleaseNT|x64.ActiveCfg = Release|x64
		{28BAD2B3-4FFF-4270-BC78-A7244F003F6A}.ReleaseNT|x64.Build.0 = Release|x64
		{28BAD2B3-4FFF-4270-BC78-A7244F003F6A}.ReleaseNT|x86.ActiveCfg = Release|Win32
		{28BAD2B3-4FFF-4270-BC78-A7244F003F6A}.ReleaseNT|x86.Build.0 = Release|Win32
		{28BAD2B3-4FFF-4270-BC78-A7244F003F6A}.Template|x64.ActiveCfg = Template|x64
		{28BAD2B3-4FFF-4270-BC78-A7244F003F6A}.Template|x64.Build.0 = Template|x64
		{28BAD2B3-4FFF-4270-BC78-A7244F003F6A}.Template|x86.ActiveCfg = Template|Win32
		{28BAD2B3-4FFF-4270-BC78-A7244F003F6A}.Template|x86.Build.0 = Template|Win32
		{022E634D-93F3-4763-BB3A-BF104F7B48A3}.Debug|x64.ActiveCfg = Debug|x64
		{022E634D-93F3-4763-BB3A-BF104F7B48A3}.Debug|x64.Build.0 = Debug|x64
		{022E634D-93F3-4763-BB3A-BF104F7B48A3}.Debug|x86.ActiveCfg = Debug|Win32
		{022E634D-93F3-4763-BB3A-BF104F7B48A3}.Debug|x86.Build.0 = Debug|Win32
		{022E634D-93F3-4763-BB3A-BF104F7B48A3}.Debug9x|x64.ActiveCfg = Debug|x64
		{022E634D-93F3-4763-BB3A-BF104F7B48A3}.Debug9x|x64.Build.0 = Debug|x64
		{022E634D-93F3-4763-BB3A-BF104F7B48A3}.Debug9x|x86.ActiveCfg = Debug|Win32
		{022E634D-93F3-4763-BB3A-BF104F7B48A3}.Debug9x|x86.Build.0 = Debug|Win32
		{022E634D-93F3-4763-BB3A-BF104F7B48A3}.DebugNT|x64.ActiveCfg = Debug|x64
		{022E634D-93F3-4763-BB3A-BF104F7B48A3}.DebugNT|x64.Build.0 = Debug|x64
		{022E634D-93F3-4763-BB3A-BF104F7B48A3}.DebugNT|x86.ActiveCfg = Debug|Win32
		{022E634D-93F3-4763-BB3A-BF104F7B48A3}.DebugNT|x86.Build.0 = Debug|Win32
		{022E634D-93F3-4763-BB3A-BF104F7B48A3}.Release|x64.ActiveCfg = Release|x64
		{022E634D-93F3-4763-BB3A-BF104F7B48A3}.Release|x64.Build.0 = Release|x64
		{022E634D-93F3-4763-BB3A-BF104F7B48A3}.Release|x86.ActiveCfg = Release|Win32
		{022E634D-93F3-4763-BB3A-BF104F7B48A3}.Release|x86.Build.0 = Release|Win32
		{022E634D-93F3-4763-BB3A-BF104F7B48A3}.Release9x|x64.ActiveCfg = Release|x64
		{022E634D-93F3-4763-BB3A-BF104F7B48A3}.Release9x|x64.Build.0 = Release|x64
		{022E634D-93F3-4763-BB3A-BF104F7B48A3}.Release9x|x86.ActiveCfg = Release|Win32
		{022E634D-93F3-4763-BB3A-BF104F7B48A3}.Release9x|x86.Build.0 = Release|Win32
		{022E634D-93F3-4763-BB3A-BF104F7B48A3}.ReleaseNT|x64.ActiveCfg = Release|x64
		{022E634D-93F3-4763-BB3A-BF104F7B48A3}.ReleaseNT|x64.Build.0 = Release|x64
		{022E634D-93F3-4763-BB3A-BF104F7B48A3}.ReleaseNT|x86.ActiveCfg = Release|Win32
		{022E634D-93F3-4763-BB3A-BF104F7B48A3}.ReleaseNT|x86.Build.0 = Release|Win32
		{022E634D-93F3-4763-BB3A-BF104F7B48A3}.Template|x64.ActiveCfg = Template|x64
		{022E634D-93F3-4763-BB3A-BF104F7B48A3}.Template|x64.Build.0 = Template|x64
		{022E634D-93F3-4763-BB3A-BF104F7B48A3}.Template|x86.ActiveCfg = Template|Win32
		{022E634D-93F3-4763-BB3A-BF104F7B48A3}.Template|x86.Build.0 = Template|Win32
		{BE2A6221-9EA1-4146-91C0-DA002F169129}.Debug|x64.ActiveCfg = Debug|x64
		{BE2A6221-9EA1-4146-91C0-DA002F169129}.Debug|x64.Build.0 = Debug|x64
		{BE2A6221-9EA1-4146-91C0-DA002F169129}.Debug|x86.ActiveCfg = Debug|Win32
		{BE2A6221-9EA1-4146-91C0-DA002F169129}.Debug|x86.Build.0 = Debug|Win32
		{BE2A6221-9EA1-4146-91C0-DA002F169129}.Debug9x|x64.ActiveCfg = Debug|x64
		{BE2A6221-9EA1-4146-91C0-DA002F169129}.Debug9x|x64.Build.0 = Debug|x64
		{BE2A6221-9EA1-4146-91C0-DA002F169129}.Debug9x|x86.ActiveCfg = Debug|Win32
		{BE2A6221-9EA1-4146-91C0-DA002F169129}.Debug9x|x86.Build.0 = Debug|Win32
		{BE2A6221-9EA1-4146-91C0-DA002F169129}.DebugNT|x64.ActiveCfg = Debug|x64
		{BE2A6221-9EA1-4146-91C0-DA002F169129}.DebugNT|x64.Build.0 = Debug|x64
		{BE2A6221-9EA1-4146-91C0-DA002F169129}.DebugNT|x86.ActiveCfg = Debug|Win32
		{BE2A6221-9EA1-4146-91C0-DA002F169129}.DebugNT|x86.Build.0 = Debug|Win32
		{BE2A6221-9EA1-4146-91C0-DA002F169129}.Release|x64.ActiveCfg = Release|x64
		{BE2A6221-9EA1-4146-91C0-DA002F169129}.Release|x64.Build.0 = Release|x64
		{BE2A6221-9EA1-4146-91C0-DA002F169129}.Release|x86.ActiveCfg = Release|Win32
		{BE2A6221-9EA1-4146-91C0-DA002F169129}.Release|x86.Build.0 = Release|Win32
		{BE2A6221-9EA1-4146-91C0-DA002F169129}.Release9x|x64.ActiveCfg = Release|x64
		{BE2A6221-9EA1-4146-91C0-DA002F169129}.Release9x|x64.Build.0 = Release|x64
		{BE2A6221-9EA1-4146-91C0-DA002F169129}.Release9x|x86.ActiveCfg = Release|Win32
		{BE2A6221-9EA1-4146-91C0-DA002F169129}.Release9x|x86.Build.0 = Release|Win32
		{BE2A6221-9EA1-4146-91C0-DA002F169129}.ReleaseNT|x64.ActiveCfg = Release|x64
		{BE2A6221-9EA1-4146-91C0-DA002F169129}.ReleaseNT|x64.Build.0 = Release|x64
		{BE2A6221-9EA1-4146-91C0-DA002F169129}.ReleaseNT|x86.ActiveCfg = Release|Win32
		{BE2A6221-9EA1-4146-91C0-DA002F169129}.ReleaseNT|x86.Build.0 = Release|Win32
		{BE2A6221-9EA1-4146-91C0-DA002F169129}.Template|x64.ActiveCfg = Template|x64
		{BE2A6221-9EA1-4146-91C0-DA002F169129}.Template|x64.Build.0 = Template|x64
		{BE2A6221-9EA1-4146-91C0-DA002F169129}.Template|x86.ActiveCfg = Template|Win32
		{BE2A6221-9EA1-4146-91C0-DA002F169129}.Template|x86.Build.0 = Template|Win32
		{198A6CDD-C4F6-49E3-96DF-4B26AB08A21F}.Debug|x64.ActiveCfg = Debug|x64
		{198A6CDD-C4F6-49E3-96DF-4B26AB08A21F}.Debug|x64.Build.0 = Debug|x64
		{198A6CDD-C4F6-49E3-96DF-4B26AB08A21F}.Debug|x86.ActiveCfg = Debug|Win32
		{198A6CDD-C4F6-49E3-96DF-4B26AB08A21F}.Debug|x86.Build.0 = Debug|Win32
		{198A6CDD-C4F6-49E3-96DF-4B26AB08A21F}.Debug9x|x64.ActiveCfg = Debug9x|x64
		{198A6CDD-C4F6-49E3-96DF-4B26AB08A21F}.Debug9x|x64.Build.0 = Debug9x|x64
		{198A6CDD-C4F6-49E3-96DF-4B26AB08A21F}.Debug9x|x86.ActiveCfg = Debug9x|Win32
		{198A6CDD-C4F6-49E3-96DF-4B26AB08A21F}.Debug9x|x86.Build.0 = Debug9x|Win32
		{198A6CDD-C4F6-49E3-96DF-4B26AB08A21F}.DebugNT|x64.ActiveCfg = Debug|x64
		{198A6CDD-C4F6-49E3-96DF-4B26AB08A21F}.DebugNT|x64.Build.0 = Debug|x64
		{198A6CDD-C4F6-49E3-96DF-4B26AB08A21F}.DebugNT|x86.ActiveCfg = Debug9x|Win32
		{198A6CDD-C4F6-49E3-96DF-4B26AB08A21F}.DebugNT|x86.Build.0 = Debug9x|Win32
		{198A6CDD-C4F6-49E3-96DF-4B26AB08A21F}.Release|x64.ActiveCfg = Release|x64
		{198A6CDD-C4F6-49E3-96DF-4B26AB08A21F}.Release|x64.Build.0 = Release|x64
		{198A6CDD-C4F6-49E3-96DF-4B26AB08A21F}.Release|x86.ActiveCfg = Release|Win32
		{198A6CDD-C4F6-49E3-96DF-4B26AB08A21F}.Release|x86.Build.0 = Release|Win32
		{198A6CDD-C4F6-49E3-96DF-4B26AB08A21F}.Release9x|x64.ActiveCfg = Release9x|x64
		{198A6CDD-C4F6-49E3-96DF-4B26AB08A21F}.Release9x|x64.Build.0 = Release9x|x64
		{198A6CDD-C4F6-49E3-96DF-4B26AB08A21F}.Release9x|x86.ActiveCfg = Release9x|Win32
		{198A6CDD-C4F6-49E3-96DF-4B26AB08A21F}.Release9x|x86.Build.0 = Release9x|Win32
		{198A6CDD-C4F6-49E3-96DF-4B26AB08A21F}.ReleaseNT|x64.ActiveCfg = Release9x|x64
		{198A6CDD-C4F6-49E3-96DF-4B26AB08A21F}.ReleaseNT|x64.Build.0 = Release9x|x64
		{198A6CDD-C4F6-49E3-96DF-4B26AB08A21F}.ReleaseNT|x86.ActiveCfg = Release9x|Win32
		{198A6CDD-C4F6-49E3-96DF-4B26AB08A21F}.ReleaseNT|x86.Build.0 = Release9x|Win32
		{198A6CDD-C4F6-49E3-96DF-4B26AB08A21F}.Template|x64.ActiveCfg = Template|x64
		{198A6CDD-C4F6-49E3-96DF-4B26AB08A21F}.Template|x64.Build.0 = Template|x64
		{198A6CDD-C4F6-49E3-96DF-4B26AB08A21F}.Template|x86.ActiveCfg = Template|Win32
		{198A6CDD-C4F6-49E3-96DF-4B26AB08A21F}.Template|x86.Build.0 = Template|Win32
		{E4D296C5-F629-41AE-A72B-A26BFF90CF43}.Debug|x64.ActiveCfg = Debug|x64
		{E4D296C5-F629-41AE-A72B-A26BFF90CF43}.Debug|x64.Build.0 = Debug|x64
		{E4D296C5-F629-41AE-A72B-A26BFF90CF43}.Debug|x86.ActiveCfg = Debug|Win32
		{E4D296C5-F629-41AE-A72B-A26BFF90CF43}.Debug|x86.Build.0 = Debug|Win32
		{E4D296C5-F629-41AE-A72B-A26BFF90CF43}.Debug9x|x64.ActiveCfg = Debug|x64
		{E4D296C5-F629-41AE-A72B-A26BFF90CF43}.Debug9x|x64.Build.0 = Debug|x64
		{E4D296C5-F629-41AE-A72B-A26BFF90CF43}.Debug9x|x86.ActiveCfg = Debug|Win32
		{E4D296C5-F629-41AE-A72B-A26BFF90CF43}.Debug9x|x86.Build.0 = Debug|Win32
		{E4D296C5-F629-41AE-A72B-A26BFF90CF43}.DebugNT|x64.ActiveCfg = Debug|x64
		{E4D296C5-F629-41AE-A72B-A26BFF90CF43}.DebugNT|x64.Build.0 = Debug|x64
		{E4D296C5-F629-41AE-A72B-A26BFF90CF43}.DebugNT|x86.ActiveCfg = Debug|Win32
		{E4D296C5-F629-41AE-A72B-A26BFF90CF43}.DebugNT|x86.Build.0 = Debug|Win32
		{E4D296C5-F629-41AE-A72B-A26BFF90CF43}.Release|x64.ActiveCfg = Release|x64
		{E4D296C5-F629-41AE-A72B-A26BFF90CF43}.Release|x64.Build.0 = Release|x64
		{E4D296C5-F629-41AE-A72B-A26BFF90CF43}.Release|x86.ActiveCfg = Release|Win32
		{E4D296C5-F629-41AE-A72B-A26BFF90CF43}.Release|x86.Build.0 = Release|Win32
		{E4D296C5-F629-41AE-A72B-A26BFF90CF43}.Release9x|x64.ActiveCfg = Release|x64
		{E4D296C5-F629-41AE-A72B-A26BFF90CF43}.Release9x|x64.Build.0 = Release|x64
		{E4D296C5-F629-41AE-A72B-A26BFF90CF43}.Release9x|x86.ActiveCfg = Release|Win32
		{E4D296C5-F629-41AE-A72B-A26BFF90CF43}.Release9x|x86.Build.0 = Release|Win32
		{E4D296C5-F629-41AE-A72B-A26BFF90CF43}.ReleaseNT|x64.ActiveCfg = Release|x64
		{E4D296C5-F629-41AE-A72B-A26BFF90CF43}.ReleaseNT|x64.Build.0 = Release|x64
		{E4D296C5-F629-41AE-A72B-A26BFF90CF43}.ReleaseNT|x86.ActiveCfg = Release|Win32
		{E4D296C5-F629-41AE-A72B-A26BFF90CF43}.ReleaseNT|x86.Build.0 = Release|Win32
		{E4D296C5-F629-41AE-A72B-A26BFF90CF43}.Template|x64.ActiveCfg = Template|x64
		{E4D296C5-F629-41AE-A72B-A26BFF90CF43}.Template|x64.Build.0 = Template|x64
		{E4D296C5-F629-41AE-A72B-A26BFF90CF43}.Template|x86.ActiveCfg = Template|Win32
		{E4D296C5-F629-41AE-A72B-A26BFF90CF43}.Template|x86.Build.0 = Template|Win32
		{FFD08239-F4EB-4E4F-ADEA-488250425C8F}.Debug|x64.ActiveCfg = Debug|x64
		{FFD08239-F4EB-4E4F-ADEA-488250425C8F}.Debug|x64.Build.0 = Debug|x64
		{FFD08239-F4EB-4E4F-ADEA-488250425C8F}.Debug|x86.ActiveCfg = Debug|Win32
		{FFD08239-F4EB-4E4F-ADEA-488250425C8F}.Debug|x86.Build.0 = Debug|Win32
		{FFD08239-F4EB-4E4F-ADEA-488250425C8F}.Debug9x|x64.ActiveCfg = Debug|x64
		{FFD08239-F4EB-4E4F-ADEA-488250425C8F}.Debug9x|x64.Build.0 = Debug|x64
		{FFD08239-F4EB-4E4F-ADEA-488250425C8F}.Debug9x|x86.ActiveCfg = Debug|Win32
		{FFD08239-F4EB-4E4F-ADEA-488250425C8F}.Debug9x|x86.Build.0 = Debug|Win32
		{FFD08239-F4EB-4E4F-ADEA-488250425C8F}.DebugNT|x64.ActiveCfg = Debug|x64
		{FFD08239-F4EB-4E4F-ADEA-488250425C8F}.DebugNT|x64.Build.0 = Debug|x64
		{FFD08239-F4EB-4E4F-ADEA-488250425C8F}.DebugNT|x86.ActiveCfg = Debug|Win32
		{FFD08239-F4EB-4E4F-ADEA-488250425C8F}.DebugNT|x86.Build.0 = Debug|Win32
		{FFD08239-F4EB-4E4F-ADEA-488250425C8F}.Release|x64.ActiveCfg = Release|x64
		{FFD08239-F4EB-4E4F-ADEA-488250425C8F}.Release|x64.Build.0 = Release|x64
		{FFD08239-F4EB-4E4F-ADEA-488250425C8F}.Release|x86.ActiveCfg = Release|Win32
		{FFD08239-F4EB-4E4F-ADEA-488250425C8F}.Release|x86.Build.0 = Release|Win32
		{FFD08239-F4EB-4E4F-ADEA-488250425C8F}.Release9x|x64.ActiveCfg = Release|x64
		{FFD08239-F4EB-4E4F-ADEA-488250425C8F}.Release9x|x64.Build.0 = Release|x64
		{FFD08239-F4EB-4E4F-ADEA-488250425C8F}.Release9x|x86.ActiveCfg = Release|Win32
		{FFD08239-F4EB-4E4F-ADEA-488250425C8F}.Release9x|x86.Build.0 = Release|Win32
		{FFD08239-F4EB-4E4F-ADEA-488250425C8F}.ReleaseNT|x64.ActiveCfg = Release|x64
		{FFD08239-F4EB-4E4F-ADEA-488250425C8F}.ReleaseNT|x64.Build.0 = Release|x64
		{FFD08239-F4EB-4E4F-ADEA-488250425C8F}.ReleaseNT|x86.ActiveCfg = Release|Win32
		{FFD08239-F4EB-4E4F-ADEA-488250425C8F}.ReleaseNT|x86.Build.0 = Release|Win32
		{FFD08239-F4EB-4E4F-ADEA-488250425C8F}.Template|x64.ActiveCfg = Template|x64
		{FFD08239-F4EB-4E4F-ADEA-488250425C8F}.Template|x64.Build.0 = Template|x64
		{FFD08239-F4EB-4E4F-ADEA-488250425C8F}.Template|x86.ActiveCfg = Template|Win32
		{FFD08239-F4EB-4E4F-ADEA-488250425C8F}.Template|x86.Build.0 = Template|Win32
		{BFEA5737-C00A-423A-B38C-24D599BE655A}.Debug|x64.ActiveCfg = Debug|x64
		{BFEA5737-C00A-423A-B38C-24D599BE655A}.Debug|x64.Build.0 = Debug|x64
		{BFEA5737-C00A-423A-B38C-24D599BE655A}.Debug|x86.ActiveCfg = Debug|Win32
		{BFEA5737-C00A-423A-B38C-24D599BE655A}.Debug|x86.Build.0 = Debug|Win32
		{BFEA5737-C00A-423A-B38C-24D599BE655A}.Debug9x|x64.ActiveCfg = Debug|x64
		{BFEA5737-C00A-423A-B38C-24D599BE655A}.Debug9x|x64.Build.0 = Debug|x64
		{BFEA5737-C00A-423A-B38C-24D599BE655A}.Debug9x|x86.ActiveCfg = Debug|Win32
		{BFEA5737-C00A-423A-B38C-24D599BE655A}.Debug9x|x86.Build.0 = Debug|Win32
		{BFEA5737-C00A-423A-B38C-24D599BE655A}.DebugNT|x64.ActiveCfg = Debug|x64
		{BFEA5737-C00A-423A-B38C-24D599BE655A}.DebugNT|x64.Build.0 = Debug|x64
		{BFEA5737-C00A-423A-B38C-24D599BE655A}.DebugNT|x86.ActiveCfg = Debug|Win32
		{BFEA5737-C00A-423A-B38C-24D599BE655A}.DebugNT|x86.Build.0 = Debug|Win32
		{BFEA5737-C00A-423A-B38C-24D599BE655A}.Release|x64.ActiveCfg = Release|x64
		{BFEA5737-C00A-423A-B38C-24D599BE655A}.Release|x64.Build.0 = Release|x64
		{BFEA5737-C00A-423A-B38C-24D599BE655A}.Release|x86.ActiveCfg = Release|Win32
		{BFEA5737-C00A-423A-B38C-24D599BE655A}.Release|x86.Build.0 = Release|Win32
		{BFEA5737-C00A-423A-B38C-24D599BE655A}.Release9x|x64.ActiveCfg = Release|x64
		{BFEA5737-C00A-423A-B38C-24D599BE655A}.Release9x|x64.Build.0 = Release|x64
		{BFEA5737-C00A-423A-B38C-24D599BE655A}.Release9x|x86.ActiveCfg = Release|Win32
		{BFEA5737-C00A-423A-B38C-24D599BE655A}.Release9x|x86.Build.0 = Release|Win32
		{BFEA5737-C00A-423A-B38C-24D599BE655A}.ReleaseNT|x64.ActiveCfg = Release|x64
		{BFEA5737-C00A-423A-B38C-24D599BE655A}.ReleaseNT|x64.Build.0 = Release|x64
		{BFEA5737-C00A-423A-B38C-24D599BE655A}.ReleaseNT|x86.ActiveCfg = Release|Win32
		{BFEA5737-C00A-423A-B38C-24D599BE655A}.ReleaseNT|x86.Build.0 = Release|Win32
		{BFEA5737-C00A-423A-B38C-24D599BE655A}.Template|x64.ActiveCfg = Template|x64
		{BFEA5737-C00A-423A-B38C-24D599BE655A}.Template|x64.Build.0 = Template|x64
		{BFEA5737-C00A-423A-B38C-24D599BE655A}.Template|x86.ActiveCfg = Template|Win32
		{BFEA5737-C00A-423A-B38C-24D599BE655A}.Template|x86.Build.0 = Template|Win32
		{8C5B6AEE-A3FA-4367-95C4-0A0CFCB4DE6E}.Debug|x64.ActiveCfg = Debug|x64
		{8C5B6AEE-A3FA-4367-95C4-0A0CFCB4DE6E}.Debug|x64.Build.0 = Debug|x64
		{8C5B6AEE-A3FA-4367-95C4-0A0CFCB4DE6E}.Debug|x86.ActiveCfg = Debug|Win32
		{8C5B6AEE-A3FA-4367-95C4-0A0CFCB4DE6E}.Debug|x86.Build.0 = Debug|Win32
		{8C5B6AEE-A3FA-4367-95C4-0A0CFCB4DE6E}.Debug9x|x64.ActiveCfg = Debug9x|x64
		{8C5B6AEE-A3FA-4367-95C4-0A0CFCB4DE6E}.Debug9x|x64.Build.0 = Debug9x|x64
		{8C5B6AEE-A3FA-4367-95C4-0A0CFCB4DE6E}.Debug9x|x86.ActiveCfg = Debug9x|Win32
		{8C5B6AEE-A3FA-4367-95C4-0A0CFCB4DE6E}.Debug9x|x86.Build.0 = Debug9x|Win32
		{8C5B6AEE-A3FA-4367-95C4-0A0CFCB4DE6E}.DebugNT|x64.ActiveCfg = Debug|x64
		{8C5B6AEE-A3FA-4367-95C4-0A0CFCB4DE6E}.DebugNT|x64.Build.0 = Debug|x64
		{8C5B6AEE-A3FA-4367-95C4-0A0CFCB4DE6E}.DebugNT|x86.ActiveCfg = Debug9x|Win32
		{8C5B6AEE-A3FA-4367-95C4-0A0CFCB4DE6E}.DebugNT|x86.Build.0 = Debug9x|Win32
		{8C5B6AEE-A3FA-4367-95C4-0A0CFCB4DE6E}.Release|x64.ActiveCfg = Release|x64
		{8C5B6AEE-A3FA-4367-95C4-0A0CFCB4DE6E}.Release|x64.Build.0 = Release|x64
		{8C5B6AEE-A3FA-4367-95C4-0A0CFCB4DE6E}.Release|x86.ActiveCfg = Release|Win32
		{8C5B6AEE-A3FA-4367-95C4-0A0CFCB4DE6E}.Release|x86.Build.0 = Release|Win32
		{8C5B6AEE-A3FA-4367-95C4-0A0CFCB4DE6E}.Release9x|x64.ActiveCfg = Release9x|x64
		{8C5B6AEE-A3FA-4367-95C4-0A0CFCB4DE6E}.Release9x|x64.Build.0 = Release9x|x64
		{8C5B6AEE-A3FA-4367-95C4-0A0CFCB4DE6E}.Release9x|x86.ActiveCfg = Release9x|Win32
		{8C5B6AEE-A3FA-4367-95C4-0A0CFCB4DE6E}.Release9x|x86.Build.0 = Release9x|Win32
		{8C5B6AEE-A3FA-4367-95C4-0A0CFCB4DE6E}.ReleaseNT|x64.ActiveCfg = Release9x|x64
		{8C5B6AEE-A3FA-4367-95C4-0A0CFCB4DE6E}.ReleaseNT|x64.Build.0 = Release9x|x64
		{8C5B6AEE-A3FA-4367-95C4-0A0CFCB4DE6E}.ReleaseNT|x86.ActiveCfg = Release9x|Win32
		{8C5B6AEE-A3FA-4367-95C4-0A0CFCB4DE6E}.ReleaseNT|x86.Build.0 = Release9x|Win32
		{8C5B6AEE-A3FA-4367-95C4-0A0CFCB4DE6E}.Template|x64.ActiveCfg = Template|x64
		{8C5B6AEE-A3FA-4367-95C4-0A0CFCB4DE6E}.Template|x64.Build.0 = Template|x64
		{8C5B6AEE-A3FA-4367-95C4-0A0CFCB4DE6E}.Template|x86.ActiveCfg = Template|Win32
		{8C5B6AEE-A3FA-4367-95C4-0A0CFCB4DE6E}.Template|x86.Build.0 = Template|Win32
		{1416275A-6DBC-4614-AD63-E2C9799136BA}.Debug|x64.ActiveCfg = Debug|x64
		{1416275A-6DBC-4614-AD63-E2C9799136BA}.Debug|x64.Build.0 = Debug|x64
		{1416275A-6DBC-4614-AD63-E2C9799136BA}.Debug|x86.ActiveCfg = Debug|Win32
		{1416275A-6DBC-4614-AD63-E2C9799136BA}.Debug|x86.Build.0 = Debug|Win32
		{1416275A-6DBC-4614-AD63-E2C9799136BA}.Debug9x|x64.ActiveCfg = Debug|x64
		{1416275A-6DBC-4614-AD63-E2C9799136BA}.Debug9x|x64.Build.0 = Debug|x64
		{1416275A-6DBC-4614-AD63-E2C9799136BA}.Debug9x|x86.ActiveCfg = Debug|Win32
		{1416275A-6DBC-4614-AD63-E2C9799136BA}.Debug9x|x86.Build.0 = Debug|Win32
		{1416275A-6DBC-4614-AD63-E2C9799136BA}.DebugNT|x64.ActiveCfg = Debug|x64
		{1416275A-6DBC-4614-AD63-E2C9799136BA}.DebugNT|x64.Build.0 = Debug|x64
		{1416275A-6DBC-4614-AD63-E2C9799136BA}.DebugNT|x86.ActiveCfg = Debug|Win32
		{1416275A-6DBC-4614-AD63-E2C9799136BA}.DebugNT|x86.Build.0 = Debug|Win32
		{1416275A-6DBC-4614-AD63-E2C9799136BA}.Release|x64.ActiveCfg = Release|x64
		{1416275A-6DBC-4614-AD63-E2C9799136BA}.Release|x64.Build.0 = Release|x64
		{1416275A-6DBC-4614-AD63-E2C9799136BA}.Release|x86.ActiveCfg = Release|Win32
		{1416275A-6DBC-4614-AD63-E2C9799136BA}.Release|x86.Build.0 = Release|Win32
		{1416275A-6DBC-4614-AD63-E2C9799136BA}.Release9x|x64.ActiveCfg = Release|x64
		{1416275A-6DBC-4614-AD63-E2C9799136BA}.Release9x|x64.Build.0 = Release|x64
		{1416275A-6DBC-4614-AD63-E2C9799136BA}.Release9x|x86.ActiveCfg = Release|Win32
		{1416275A-6DBC-4614-AD63-E2C9799136BA}.Release9x|x86.Build.0 = Release|Win32
		{1416275A-6DBC-4614-AD63-E2C9799136BA}.ReleaseNT|x64.ActiveCfg = Release|x64
		{1416275A-6DBC-4614-AD63-E2C9799136BA}.ReleaseNT|x64.Build.0 = Release|x64
		{1416275A-6DBC-4614-AD63-E2C9799136BA}.ReleaseNT|x86.ActiveCfg = Release|Win32
		{1416275A-6DBC-4614-AD63-E2C9799136BA}.ReleaseNT|x86.Build.0 = Release|Win32
		{1416275A-6DBC-4614-AD63-E2C9799136BA}.Template|x64.ActiveCfg = Template|x64
		{1416275A-6DBC-4614-AD63-E2C9799136BA}.Template|x64.Build.0 = Template|x64
		{1416275A-6DBC-4614-AD63-E2C9799136BA}.Template|x86.ActiveCfg = Template|Win32
		{1416275A-6DBC-4614-AD63-E2C9799136BA}.Template|x86.Build.0 = Template|Win32
		{99B0746D-70BD-4592-95A9-7823B4373EB0}.Debug|x64.ActiveCfg = Debug|x64
		{99B0746D-70BD-4592-95A9-7823B4373EB0}.Debug|x64.Build.0 = Debug|x64
		{99B0746D-70BD-4592-95A9-7823B4373EB0}.Debug|x86.ActiveCfg = Debug|Win32
		{99B0746D-70BD-4592-95A9-7823B4373EB0}.Debug|x86.Build.0 = Debug|Win32
		{99B0746D-70BD-4592-95A9-7823B4373EB0}.Debug9x|x64.ActiveCfg = Debug9x|x64
		{99B0746D-70BD-4592-95A9-7823B4373EB0}.Debug9x|x64.Build.0 = Debug9x|x64
		{99B0746D-70BD-4592-95A9-7823B4373EB0}.Debug9x|x86.ActiveCfg = Debug9x|Win32
		{99B0746D-70BD-4592-95A9-7823B4373EB0}.Debug9x|x86.Build.0 = Debug9x|Win32
		{99B0746D-70BD-4592-95A9-7823B4373EB0}.DebugNT|x64.ActiveCfg = DebugNT|x64
		{99B0746D-70BD-4592-95A9-7823B4373EB0}.DebugNT|x64.Build.0 = DebugNT|x64
		{99B0746D-70BD-4592-95A9-7823B4373EB0}.DebugNT|x86.ActiveCfg = DebugNT|Win32
		{99B0746D-70BD-4592-95A9-7823B4373EB0}.DebugNT|x86.Build.0 = DebugNT|Win32
		{99B0746D-70BD-4592-95A9-7823B4373EB0}.Release|x64.ActiveCfg = Release|x64
		{99B0746D-70BD-4592-95A9-7823B4373EB0}.Release|x64.Build.0 = Release|x64
		{99B0746D-70BD-4592-95A9-7823B4373EB0}.Release|x86.ActiveCfg = Release|Win32
		{99B0746D-70BD-4592-95A9-7823B4373EB0}.Release|x86.Build.0 = Release|Win32
		{99B0746D-70BD-4592-95A9-7823B4373EB0}.Release9x|x64.ActiveCfg = Release9x|x64
		{99B0746D-70BD-4592-95A9-7823B4373EB0}.Release9x|x64.Build.0 = Release9x|x64
		{99B0746D-70BD-4592-95A9-7823B4373EB0}.Release9x|x86.ActiveCfg = Release9x|Win32
		{99B0746D-70BD-4592-95A9-7823B4373EB0}.Release9x|x86.Build.0 = Release9x|Win32
		{99B0746D-70BD-4592-95A9-7823B4373EB0}.ReleaseNT|x64.ActiveCfg = ReleaseNT|x64
		{99B0746D-70BD-4592-95A9-7823B4373EB0}.ReleaseNT|x64.Build.0 = ReleaseNT|x64
		{99B0746D-70BD-4592-95A9-7823B4373EB0}.ReleaseNT|x86.ActiveCfg = ReleaseNT|Win32
		{99B0746D-70BD-4592-95A9-7823B4373EB0}.ReleaseNT|x86.Build.0 = ReleaseNT|Win32
		{99B0746D-70BD-4592-95A9-7823B4373EB0}.Template|x64.ActiveCfg = Template|x64
		{99B0746D-70BD-4592-95A9-7823B4373EB0}.Template|x64.Build.0 = Template|x64
		{99B0746D-70BD-4592-95A9-7823B4373EB0}.Template|x86.ActiveCfg = Template|Win32
		{99B0746D-70BD-4592-95A9-7823B4373EB0}.Template|x86.Build.0 = Template|Win32
		{56D558BA-3B91-48B5-8E94-541EED64A514}.Debug|x64.ActiveCfg = Debug|x64
		{56D558BA-3B91-48B5-8E94-541EED64A514}.Debug|x64.Build.0 = Debug|x64
		{56D558BA-3B91-48B5-8E94-541EED64A514}.Debug|x86.ActiveCfg = Debug|Win32
		{56D558BA-3B91-48B5-8E94-541EED64A514}.Debug|x86.Build.0 = Debug|Win32
		{56D558BA-3B91-48B5-8E94-541EED64A514}.Debug9x|x64.ActiveCfg = Debug9x|x64
		{56D558BA-3B91-48B5-8E94-541EED64A514}.Debug9x|x64.Build.0 = Debug9x|x64
		{56D558BA-3B91-48B5-8E94-541EED64A514}.Debug9x|x86.ActiveCfg = Debug9x|Win32
		{56D558BA-3B91-48B5-8E94-541EED64A514}.Debug9x|x86.Build.0 = Debug9x|Win32
		{56D558BA-3B91-48B5-8E94-541EED64A514}.DebugNT|x64.ActiveCfg = DebugNT|x64
		{56D558BA-3B91-48B5-8E94-541EED64A514}.DebugNT|x64.Build.0 = DebugNT|x64
		{56D558BA-3B91-48B5-8E94-541EED64A514}.DebugNT|x86.ActiveCfg = DebugNT|Win32
		{56D558BA-3B91-48B5-8E94-541EED64A514}.DebugNT|x86.Build.0 = DebugNT|Win32
		{56D558BA-3B91-48B5-8E94-541EED64A514}.Release|x64.ActiveCfg = Release|x64
		{56D558BA-3B91-48B5-8E94-541EED64A514}.Release|x64.Build.0 = Release|x64
		{56D558BA-3B91-48B5-8E94-541EED64A514}.Release|x86.ActiveCfg = Release|Win32
		{56D558BA-3B91-48B5-8E94-541EED64A514}.Release|x86.Build.0 = Release|Win32
		{56D558BA-3B91-48B5-8E94-541EED64A514}.Release9x|x64.ActiveCfg = Release9x|x64
		{56D558BA-3B91-48B5-8E94-541EED64A514}.Release9x|x64.Build.0 = Release9x|x64
		{56D558BA-3B91-48B5-8E94-541EED64A514}.Release9x|x86.ActiveCfg = Release9x|Win32
		{56D558BA-3B91-48B5-8E94-541EED64A514}.Release9x|x86.Build.0 = Release9x|Win32
		{56D558BA-3B91-48B5-8E94-541EED64A514}.ReleaseNT|x64.ActiveCfg = ReleaseNT|x64
		{56D558BA-3B91-48B5-8E94-541EED64A514}.ReleaseNT|x64.Build.0 = ReleaseNT|x64
		{56D558BA-3B91-48B5-8E94-541EED64A514}.ReleaseNT|x86.ActiveCfg = ReleaseNT|Win32
		{56D558BA-3B91-48B5-8E94-541EED64A514}.ReleaseNT|x86.Build.0 = ReleaseNT|Win32
		{56D558BA-3B91-48B5-8E94-541EED64A514}.Template|x64.ActiveCfg = Template|x64
		{56D558BA-3B91-48B5-8E94-541EED64A514}.Template|x64.Build.0 = Template|x64
		{56D558BA-3B91-48B5-8E94-541EED64A514}.Template|x86.ActiveCfg = Template|Win32
		{56D558BA-3B91-48B5-8E94-541EED64A514}.Template|x86.Build.0 = Template|Win32
		{3155B0EF-51D9-46A1-8BBF-75B435AEC99D}.Debug|x64.ActiveCfg = Debug|x64
		{3155B0EF-51D9-46A1-8BBF-75B435AEC99D}.Debug|x64.Build.0 = Debug|x64
		{3155B0EF-51D9-46A1-8BBF-75B435AEC99D}.Debug|x86.ActiveCfg = Debug|Win32
		{3155B0EF-51D9-46A1-8BBF-75B435AEC99D}.Debug|x86.Build.0 = Debug|Win32
		{3155B0EF-51D9-46A1-8BBF-75B435AEC99D}.Debug9x|x64.ActiveCfg = Debug|x64
		{3155B0EF-51D9-46A1-8BBF-75B435AEC99D}.Debug9x|x64.Build.0 = Debug|x64
		{3155B0EF-51D9-46A1-8BBF-75B435AEC99D}.Debug9x|x86.ActiveCfg = Debug|Win32
		{3155B0EF-51D9-46A1-8BBF-75B435AEC99D}.Debug9x|x86.Build.0 = Debug|Win32
		{3155B0EF-51D9-46A1-8BBF-75B435AEC99D}.DebugNT|x64.ActiveCfg = Debug|x64
		{3155B0EF-51D9-46A1-8BBF-75B435AEC99D}.DebugNT|x64.Build.0 = Debug|x64
		{3155B0EF-51D9-46A1-8BBF-75B435AEC99D}.DebugNT|x86.ActiveCfg = Debug|Win32
		{3155B0EF-51D9-46A1-8BBF-75B435AEC99D}.DebugNT|x86.Build.0 = Debug|Win32
		{3155B0EF-51D9-46A1-8BBF-75B435AEC99D}.Release|x64.ActiveCfg = Release|x64
		{3155B0EF-51D9-46A1-8BBF-75B435AEC99D}.Release|x64.Build.0 = Release|x64
		{3155B0EF-51D9-46A1-8BBF-75B435AEC99D}.Release|x86.ActiveCfg = Release|Win32
		{3155B0EF-51D9-46A1-8BBF-75B435AEC99D}.Release|x86.Build.0 = Release|Win32
		{3155B0EF-51D9-46A1-8BBF-75B435AEC99D}.Release9x|x64.ActiveCfg = Release|x64
		{3155B0EF-51D9-46A1-8BBF-75B435AEC99D}.Release9x|x64.Build.0 = Release|x64
		{3155B0EF-51D9-46A1-8BBF-75B435AEC99D}.Release9x|x86.ActiveCfg = Release|Win32
		{3155B0EF-51D9-46A1-8BBF-75B435AEC99D}.Release9x|x86.Build.0 = Release|Win32
		{3155B0EF-51D9-46A1-8BBF-75B435AEC99D}.ReleaseNT|x64.ActiveCfg = Release|x64
		{3155B0EF-51D9-46A1-8BBF-75B435AEC99D}.ReleaseNT|x64.Build.0 = Release|x64
		{3155B0EF-51D9-46A1-8BBF-75B435AEC99D}.ReleaseNT|x86.ActiveCfg = Release|Win32
		{3155B0EF-51D9-46A1-8BBF-75B435AEC99D}.ReleaseNT|x86.Build.0 = Release|Win32
		{3155B0EF-51D9-46A1-8BBF-75B435AEC99D}.Template|x64.ActiveCfg = Template|x64
		{3155B0EF-51D9-46A1-8BBF-75B435AEC99D}.Template|x64.Build.0 = Template|x64
		{3155B0EF-51D9-46A1-8BBF-75B435AEC99D}.Template|x86.ActiveCfg = Template|Win32
		{3155B0EF-51D9-46A1-8BBF-75B435AEC99D}.Template|x86.Build.0 = Template|Win32
		{C80E8364-4327-488D-BDF8-CD2EE2B10A7B}.Debug|x64.ActiveCfg = Debug|x64
		{C80E8364-4327-488D-BDF8-CD2EE2B10A7B}.Debug|x64.Build.0 = Debug|x64
		{C80E8364-4327-488D-BDF8-CD2EE2B10A7B}.Debug|x86.ActiveCfg = Debug|Win32
		{C80E8364-4327-488D-BDF8-CD2EE2B10A7B}.Debug|x86.Build.0 = Debug|Win32
		{C80E8364-4327-488D-BDF8-CD2EE2B10A7B}.Debug9x|x64.ActiveCfg = Debug9x|x64
		{C80E8364-4327-488D-BDF8-CD2EE2B10A7B}.Debug9x|x64.Build.0 = Debug9x|x64
		{C80E8364-4327-488D-BDF8-CD2EE2B10A7B}.Debug9x|x86.ActiveCfg = Debug9x|Win32
		{C80E8364-4327-488D-BDF8-CD2EE2B10A7B}.Debug9x|x86.Build.0 = Debug9x|Win32
		{C80E8364-4327-488D-BDF8-CD2EE2B10A7B}.DebugNT|x64.ActiveCfg = Debug|x64
		{C80E8364-4327-488D-BDF8-CD2EE2B10A7B}.DebugNT|x64.Build.0 = Debug|x64
		{C80E8364-4327-488D-BDF8-CD2EE2B10A7B}.DebugNT|x86.ActiveCfg = Debug9x|Win32
		{C80E8364-4327-488D-BDF8-CD2EE2B10A7B}.DebugNT|x86.Build.0 = Debug9x|Win32
		{C80E8364-4327-488D-BDF8-CD2EE2B10A7B}.Release|x64.ActiveCfg = Release|x64
		{C80E8364-4327-488D-BDF8-CD2EE2B10A7B}.Release|x64.Build.0 = Release|x64
		{C80E8364-4327-488D-BDF8-CD2EE2B10A7B}.Release|x86.ActiveCfg = Release|Win32
		{C80E8364-4327-488D-BDF8-CD2EE2B10A7B}.Release|x86.Build.0 = Release|Win32
		{C80E8364-4327-488D-BDF8-CD2EE2B10A7B}.Release9x|x64.ActiveCfg = Release9x|x64
		{C80E8364-4327-488D-BDF8-CD2EE2B10A7B}.Release9x|x64.Build.0 = Release9x|x64
		{C80E8364-4327-488D-BDF8-CD2EE2B10A7B}.Release9x|x86.ActiveCfg = Release9x|Win32
		{C80E8364-4327-488D-BDF8-CD2EE2B10A7B}.Release9x|x86.Build.0 = Release9x|Win32
		{C80E8364-4327-488D-BDF8-CD2EE2B10A7B}.ReleaseNT|x64.ActiveCfg = Release9x|x64
		{C80E8364-4327-488D-BDF8-CD2EE2B10A7B}.ReleaseNT|x64.Build.0 = Release9x|x64
		{C80E8364-4327-488D-BDF8-CD2EE2B10A7B}.ReleaseNT|x86.ActiveCfg = Release9x|Win32
		{C80E8364-4327-488D-BDF8-CD2EE2B10A7B}.ReleaseNT|x86.Build.0 = Release9x|Win32
		{C80E8364-4327-488D-BDF8-CD2EE2B10A7B}.Template|x64.ActiveCfg = Template|x64
		{C80E8364-4327-488D-BDF8-CD2EE2B10A7B}.Template|x64.Build.0 = Template|x64
		{C80E8364-4327-488D-BDF8-CD2EE2B10A7B}.Template|x86.ActiveCfg = Template|Win32
		{C80E8364-4327-488D-BDF8-CD2EE2B10A7B}.Template|x86.Build.0 = Template|Win32
		{138ACCB8-7C07-4618-A534-B117ABEDDE01}.Debug|x64.ActiveCfg = Debug|x64
		{138ACCB8-7C07-4618-A534-B117ABEDDE01}.Debug|x64.Build.0 = Debug|x64
		{138ACCB8-7C07-4618-A534-B117ABEDDE01}.Debug|x86.ActiveCfg = Debug|Win32
		{138ACCB8-7C07-4618-A534-B117ABEDDE01}.Debug|x86.Build.0 = Debug|Win32
		{138ACCB8-7C07-4618-A534-B117ABEDDE01}.Debug9x|x64.ActiveCfg = Debug|x64
		{138ACCB8-7C07-4618-A534-B117ABEDDE01}.Debug9x|x64.Build.0 = Debug|x64
		{138ACCB8-7C07-4618-A534-B117ABEDDE01}.Debug9x|x86.ActiveCfg = Debug|Win32
		{138ACCB8-7C07-4618-A534-B117ABEDDE01}.Debug9x|x86.Build.0 = Debug|Win32
		{138ACCB8-7C07-4618-A534-B117ABEDDE01}.DebugNT|x64.ActiveCfg = Debug|x64
		{138ACCB8-7C07-4618-A534-B117ABEDDE01}.DebugNT|x64.Build.0 = Debug|x64
		{138ACCB8-7C07-4618-A534-B117ABEDDE01}.DebugNT|x86.ActiveCfg = Debug|Win32
		{138ACCB8-7C07-4618-A534-B117ABEDDE01}.DebugNT|x86.Build.0 = Debug|Win32
		{138ACCB8-7C07-4618-A534-B117ABEDDE01}.Release|x64.ActiveCfg = Release|x64
		{138ACCB8-7C07-4618-A534-B117ABEDDE01}.Release|x64.Build.0 = Release|x64
		{138ACCB8-7C07-4618-A534-B117ABEDDE01}.Release|x86.ActiveCfg = Release|Win32
		{138ACCB8-7C07-4618-A534-B117ABEDDE01}.Release|x86.Build.0 = Release|Win32
		{138ACCB8-7C07-4618-A534-B117ABEDDE01}.Release9x|x64.ActiveCfg = Release|x64
		{138ACCB8-7C07-4618-A534-B117ABEDDE01}.Release9x|x64.Build.0 = Release|x64
		{138ACCB8-7C07-4618-A534-B117ABEDDE01}.Release9x|x86.ActiveCfg = Release|Win32
		{138ACCB8-7C07-4618-A534-B117ABEDDE01}.Release9x|x86.Build.0 = Release|Win32
		{138ACCB8-7C07-4618-A534-B117ABEDDE01}.ReleaseNT|x64.ActiveCfg = Release|x64
		{138ACCB8-7C07-4618-A534-B117ABEDDE01}.ReleaseNT|x64.Build.0 = Release|x64
		{138ACCB8-7C07-4618-A534-B117ABEDDE01}.ReleaseNT|x86.ActiveCfg = Release|Win32
		{138ACCB8-7C07-4618-A534-B117ABEDDE01}.ReleaseNT|x86.Build.0 = Release|Win32
		{138ACCB8-7C07-4618-A534-B117ABEDDE01}.Template|x64.ActiveCfg = Template|x64
		{138ACCB8-7C07-4618-A534-B117ABEDDE01}.Template|x64.Build.0 = Template|x64
		{138ACCB8-7C07-4618-A534-B117ABEDDE01}.Template|x86.ActiveCfg = Template|Win32
		{138ACCB8-7C07-4618-A534-B117ABEDDE01}.Template|x86.Build.0 = Template|Win32
		{6CABD582-DB4A-4ABC-853E-A7B9312F8E01}.Debug|x64.ActiveCfg = Debug|x64
		{6CABD582-DB4A-4ABC-853E-A7B9312F8E01}.Debug|x64.Build.0 = Debug|x64
		{6CABD582-DB4A-4ABC-853E-A7B9312F8E01}.Debug|x86.ActiveCfg = Debug|Win32
		{6CABD582-DB4A-4ABC-853E-A7B9312F8E01}.Debug|x86.Build.0 = Debug|Win32
		{6CABD582-DB4A-4ABC-853E-A7B9312F8E01}.Debug9x|x64.ActiveCfg = Debug|x64
		{6CABD582-DB4A-4ABC-853E-A7B9312F8E01}.Debug9x|x64.Build.0 = Debug|x64
		{6CABD582-DB4A-4ABC-853E-A7B9312F8E01}.Debug9x|x86.ActiveCfg = Debug|Win32
		{6CABD582-DB4A-4ABC-853E-A7B9312F8E01}.Debug9x|x86.Build.0 = Debug|Win32
		{6CABD582-DB4A-4ABC-853E-A7B9312F8E01}.DebugNT|x64.ActiveCfg = Debug|x64
		{6CABD582-DB4A-4ABC-853E-A7B9312F8E01}.DebugNT|x64.Build.0 = Debug|x64
		{6CABD582-DB4A-4ABC-853E-A7B9312F8E01}.DebugNT|x86.ActiveCfg = Debug|Win32
		{6CABD582-DB4A-4ABC-853E-A7B9312F8E01}.DebugNT|x86.Build.0 = Debug|Win32
		{6CABD582-DB4A-4ABC-853E-A7B9312F8E01}.Release|x64.ActiveCfg = Release|x64
		{6CABD582-DB4A-4ABC-853E-A7B9312F8E01}.Release|x64.Build.0 = Release|x64
		{6CABD582-DB4A-4ABC-853E-A7B9312F8E01}.Release|x86.ActiveCfg = Release|Win32
		{6CABD582-DB4A-4ABC-853E-A7B9312F8E01}.Release|x86.Build.0 = Release|Win32
		{6CABD582-DB4A-4ABC-853E-A7B9312F8E01}.Release9x|x64.ActiveCfg = Release|x64
		{6CABD582-DB4A-4ABC-853E-A7B9312F8E01}.Release9x|x64.Build.0 = Release|x64
		{6CABD582-DB4A-4ABC-853E-A7B9312F8E01}.Release9x|x86.ActiveCfg = Release|Win32
		{6CABD582-DB4A-4ABC-853E-A7B9312F8E01}.Release9x|x86.Build.0 = Release|Win32
		{6CABD582-DB4A-4ABC-853E-A7B9312F8E01}.ReleaseNT|x64.ActiveCfg = Release|x64
		{6CABD582-DB4A-4ABC-853E-A7B9312F8E01}.ReleaseNT|x64.Build.0 = Release|x64
		{6CABD582-DB4A-4ABC-853E-A7B9312F8E01}.ReleaseNT|x86.ActiveCfg = Release|Win32
		{6CABD582-DB4A-4ABC-853E-A7B9312F8E01}.ReleaseNT|x86.Build.0 = Release|Win32
		{6CABD582-DB4A-4ABC-853E-A7B9312F8E01}.Template|x64.ActiveCfg = Template|x64
		{6CABD582-DB4A-4ABC-853E-A7B9312F8E01}.Template|x64.Build.0 = Template|x64
		{6CABD582-DB4A-4ABC-853E-A7B9312F8E01}.Template|x86.ActiveCfg = Template|Win32
		{6CABD582-DB4A-4ABC-853E-A7B9312F8E01}.Template|x86.Build.0 = Template|Win32
		{7E741534-B4D5-4F54-BB41-FB44FAF29CB6}.Debug|x64.ActiveCfg = Debug|x64
		{7E741534-B4D5-4F54-BB41-FB44FAF29CB6}.Debug|x64.Build.0 = Debug|x64
		{7E741534-B4D5-4F54-BB41-FB44FAF29CB6}.Debug|x86.ActiveCfg = Debug|Win32
		{7E741534-B4D5-4F54-BB41-FB44FAF29CB6}.Debug|x86.Build.0 = Debug|Win32
		{7E741534-B4D5-4F54-BB41-FB44FAF29CB6}.Debug9x|x64.ActiveCfg = Debug9x|x64
		{7E741534-B4D5-4F54-BB41-FB44FAF29CB6}.Debug9x|x64.Build.0 = Debug9x|x64
		{7E741534-B4D5-4F54-BB41-FB44FAF29CB6}.Debug9x|x86.ActiveCfg = Debug9x|Win32
		{7E741534-B4D5-4F54-BB41-FB44FAF29CB6}.Debug9x|x86.Build.0 = Debug9x|Win32
		{7E741534-B4D5-4F54-BB41-FB44FAF29CB6}.DebugNT|x64.ActiveCfg = Debug|x64
		{7E741534-B4D5-4F54-BB41-FB44FAF29CB6}.DebugNT|x64.Build.0 = Debug|x64
		{7E741534-B4D5-4F54-BB41-FB44FAF29CB6}.DebugNT|x86.ActiveCfg = Debug9x|Win32
		{7E741534-B4D5-4F54-BB41-FB44FAF29CB6}.DebugNT|x86.Build.0 = Debug9x|Win32
		{7E741534-B4D5-4F54-BB41-FB44FAF29CB6}.Release|x64.ActiveCfg = Release|x64
		{7E741534-B4D5-4F54-BB41-FB44FAF29CB6}.Release|x64.Build.0 = Release|x64
		{7E741534-B4D5-4F54-BB41-FB44FAF29CB6}.Release|x86.ActiveCfg = Release|Win32
		{7E741534-B4D5-4F54-BB41-FB44FAF29CB6}.Release|x86.Build.0 = Release|Win32
		{7E741534-B4D5-4F54-BB41-FB44FAF29CB6}.Release9x|x64.ActiveCfg = Release9x|x64
		{7E741534-B4D5-4F54-BB41-FB44FAF29CB6}.Release9x|x64.Build.0 = Release9x|x64
		{7E741534-B4D5-4F54-BB41-FB44FAF29CB6}.Release9x|x86.ActiveCfg = Release9x|Win32
		{7E741534-B4D5-4F54-BB41-FB44FAF29CB6}.Release9x|x86.Build.0 = Release9x|Win32
		{7E741534-B4D5-4F54-BB41-FB44FAF29CB6}.ReleaseNT|x64.ActiveCfg = Release9x|x64
		{7E741534-B4D5-4F54-BB41-FB44FAF29CB6}.ReleaseNT|x64.Build.0 = Release9x|x64
		{7E741534-B4D5-4F54-BB41-FB44FAF29CB6}.ReleaseNT|x86.ActiveCfg = Release9x|Win32
		{7E741534-B4D5-4F54-BB41-FB44FAF29CB6}.ReleaseNT|x86.Build.0 = Release9x|Win32
		{7E741534-B4D5-4F54-BB41-FB44FAF29CB6}.Template|x64.ActiveCfg = Template|x64
		{7E741534-B4D5-4F54-BB41-FB44FAF29CB6}.Template|x64.Build.0 = Template|x64
		{7E741534-B4D5-4F54-BB41-FB44FAF29CB6}.Template|x86.ActiveCfg = Template|Win32
		{7E741534-B4D5-4F54-BB41-FB44FAF29CB6}.Template|x86.Build.0 = Template|Win32
	EndGlobalSection
	GlobalSection(SolutionProperties) = preSolution
		HideSolutionNode = FALSE
	EndGlobalSection
	GlobalSection(ExtensibilityGlobals) = postSolution
		SolutionGuid = {AEB23DB0-13CD-4E28-83B7-BA290613FFB7}
	EndGlobalSection
EndGlobal
