<?xml version="1.0" encoding="utf-8"?>
<Project ToolsVersion="4.0" xmlns="http://schemas.microsoft.com/developer/msbuild/2003">
  <ItemGroup>
    <Filter Include="Source Files">
      <UniqueIdentifier>{3307655b-4f95-49d1-9c36-64e34b9592f7}</UniqueIdentifier>
    </Filter>
    <Filter Include="Public Header Files">
      <UniqueIdentifier>{ca1b6422-915a-4290-af25-2c97873733a8}</UniqueIdentifier>
    </Filter>
    <Filter Include="Internal Header Files">
      <UniqueIdentifier>{484c4b63-0ebd-49b9-9b94-f8fec1d34a6b}</UniqueIdentifier>
    </Filter>
  </ItemGroup>
  <ItemGroup>
    <ClCompile Include="apr_dbd_pgsql.c">
      <Filter>Source Files</Filter>
    </ClCompile>
  </ItemGroup>
  <ItemGroup>
    <ClInclude Include="..\include\apr_dbd.h">
      <Filter>Public Header Files</Filter>
    </ClInclude>
    <ClInclude Include="..\include\private\apu_config.h">
      <Filter>Internal Header Files</Filter>
    </ClInclude>
    <ClInclude Include="..\include\private\apu_dbd_internal.h">
      <Filter>Internal Header Files</Filter>
    </ClInclude>
    <ClInclude Include="..\include\private\apu_internal.h">
      <Filter>Internal Header Files</Filter>
    </ClInclude>
  </ItemGroup>
  <ItemGroup>
    <ResourceCompile Include="..\libaprutil.rc" />
  </ItemGroup>
</Project>